Microsoft Visual Studio Solution File, Format Version 12.00
# Visual Studio 14
VisualStudioVersion = 14.0.25420.1
MinimumVisualStudioVersion = 10.0.40219.1
Project("{2150E333-8FDC-42A3-9474-1A3956D46DE8}") = "Solution Items", "Solution Items", "{BF99A8DA-83F8-4F7F-953F-33AD4FB61430}"
	ProjectSection(SolutionItems) = preProject
		.editorconfig = .editorconfig
		.gitattributes = .gitattributes
		.gitignore = .gitignore
		appveyor.yml = appveyor.yml
		CodeMaid.config = CodeMaid.config
		CustomDictionary.xml = CustomDictionary.xml
		GitVersionConfig.yaml = GitVersionConfig.yaml
		license.md = license.md
		readme.md = readme.md
		SharedAssemblyInfo.cs = SharedAssemblyInfo.cs
		Strict.ruleset = Strict.ruleset
		stylecop.json = stylecop.json
		Tests.ruleset = Tests.ruleset
	EndProjectSection
EndProject
Project("{FAE04EC0-301F-11D3-BF4B-00C04F79EFBC}") = "MathParser", "MathParser\MathParser.csproj", "{9652B5FD-FF87-4D1A-8CBF-9AC0B4778D05}"
EndProject
Project("{FAE04EC0-301F-11D3-BF4B-00C04F79EFBC}") = "MathParser.Tests", "MathParser.Tests\MathParser.Tests.csproj", "{7BC52FC6-0F81-48E2-99C9-8A34FD781B3C}"
EndProject
Project("{FAE04EC0-301F-11D3-BF4B-00C04F79EFBC}") = "MathParser.Demo", "MathParser.Demo\MathParser.Demo.csproj", "{70DAF3FF-52D0-4F5C-9664-4FD201D1E503}"
EndProject
Global
	GlobalSection(SolutionConfigurationPlatforms) = preSolution
		Debug|Any CPU = Debug|Any CPU
		Release|Any CPU = Release|Any CPU
	EndGlobalSection
	GlobalSection(ProjectConfigurationPlatforms) = postSolution
		{9652B5FD-FF87-4D1A-8CBF-9AC0B4778D05}.Debug|Any CPU.ActiveCfg = Debug|Any CPU
		{9652B5FD-FF87-4D1A-8CBF-9AC0B4778D05}.Debug|Any CPU.Build.0 = Debug|Any CPU
		{9652B5FD-FF87-4D1A-8CBF-9AC0B4778D05}.Release|Any CPU.ActiveCfg = Release|Any CPU
		{9652B5FD-FF87-4D1A-8CBF-9AC0B4778D05}.Release|Any CPU.Build.0 = Release|Any CPU
		{7BC52FC6-0F81-48E2-99C9-8A34FD781B3C}.Debug|Any CPU.ActiveCfg = Debug|Any CPU
		{7BC52FC6-0F81-48E2-99C9-8A34FD781B3C}.Debug|Any CPU.Build.0 = Debug|Any CPU
		{7BC52FC6-0F81-48E2-99C9-8A34FD781B3C}.Release|Any CPU.ActiveCfg = Release|Any CPU
		{7BC52FC6-0F81-48E2-99C9-8A34FD781B3C}.Release|Any CPU.Build.0 = Release|Any CPU
		{70DAF3FF-52D0-4F5C-9664-4FD201D1E503}.Debug|Any CPU.ActiveCfg = Debug|Any CPU
		{70DAF3FF-52D0-4F5C-9664-4FD201D1E503}.Debug|Any CPU.Build.0 = Debug|Any CPU
		{70DAF3FF-52D0-4F5C-9664-4FD201D1E503}.Release|Any CPU.ActiveCfg = Release|Any CPU
		{70DAF3FF-52D0-4F5C-9664-4FD201D1E503}.Release|Any CPU.Build.0 = Release|Any CPU
	EndGlobalSection
	GlobalSection(SolutionProperties) = preSolution
		HideSolutionNode = FALSE
	EndGlobalSection
EndGlobal
